
Microsoft Visual Studio Solution File, Format Version 12.00
# Visual Studio Version 17
VisualStudioVersion = 17.4.33213.308
MinimumVisualStudioVersion = 10.0.40219.1
Project("{FAE04EC0-301F-11D3-BF4B-00C04F79EFBC}") = "Week4Project2", "Week4Project2.csproj", "{5C519FFF-6F69-4BC6-9653-FED3D6E0D1E2}"
EndProject
Global
	GlobalSection(SolutionConfigurationPlatforms) = preSolution
		Debug|Any CPU = Debug|Any CPU
		Release|Any CPU = Release|Any CPU
	EndGlobalSection
	GlobalSection(ProjectConfigurationPlatforms) = postSolution
		{5C519FFF-6F69-4BC6-9653-FED3D6E0D1E2}.Debug|Any CPU.ActiveCfg = Debug|Any CPU
		{5C519FFF-6F69-4BC6-9653-FED3D6E0D1E2}.Debug|Any CPU.Build.0 = Debug|Any CPU
		{5C519FFF-6F69-4BC6-9653-FED3D6E0D1E2}.Release|Any CPU.ActiveCfg = Release|Any CPU
		{5C519FFF-6F69-4BC6-9653-FED3D6E0D1E2}.Release|Any CPU.Build.0 = Release|Any CPU
	EndGlobalSection
	GlobalSection(SolutionProperties) = preSolution
		HideSolutionNode = FALSE
	EndGlobalSection
	GlobalSection(ExtensibilityGlobals) = postSolution
		SolutionGuid = {264264A2-F8EC-47E7-A114-003E18FCFB15}
	EndGlobalSection
EndGlobal
